
Microsoft Visual Studio Solution File, Format Version 11.00
# Visual C++ Express 2010
Project("{8BC9CEB8-8B4A-11D0-8D11-00A0C91BC942}") = "basic_test_c", "basic_test_c\basic_test_c.vcxproj", "{FCE2AEAC-D84C-4452-ABA3-ED60857FFDEE}"
EndProject
Global
	GlobalSection(SolutionConfigurationPlatforms) = preSolution
		Debug|Win32 = Debug|Win32
		Release|Win32 = Release|Win32
	EndGlobalSection
	GlobalSection(ProjectConfigurationPlatforms) = postSolution
		{FCE2AEAC-D84C-4452-ABA3-ED60857FFDEE}.Debug|Win32.ActiveCfg = Debug|Win32
		{FCE2AEAC-D84C-4452-ABA3-ED60857FFDEE}.Debug|Win32.Build.0 = Debug|Win32
		{FCE2AEAC-D84C-4452-ABA3-ED60857FFDEE}.Release|Win32.ActiveCfg = Release|Win32
		{FCE2AEAC-D84C-4452-ABA3-ED60857FFDEE}.Release|Win32.Build.0 = Release|Win32
	EndGlobalSection
	GlobalSection(SolutionProperties) = preSolution
		HideSolutionNode = FALSE
	EndGlobalSection
EndGlobal
