
Microsoft Visual Studio Solution File, Format Version 11.00
# Visual C++ Express 2010
Project("{8BC9CEB8-8B4A-11D0-8D11-00A0C91BC942}") = "Test1", "Test1\Test1.vcxproj", "{F8068A41-E2A0-4B34-A872-D18772AF9065}"
EndProject
Global
	GlobalSection(SolutionConfigurationPlatforms) = preSolution
		Debug|Win32 = Debug|Win32
		Release|Win32 = Release|Win32
	EndGlobalSection
	GlobalSection(ProjectConfigurationPlatforms) = postSolution
		{F8068A41-E2A0-4B34-A872-D18772AF9065}.Debug|Win32.ActiveCfg = Debug|Win32
		{F8068A41-E2A0-4B34-A872-D18772AF9065}.Debug|Win32.Build.0 = Debug|Win32
		{F8068A41-E2A0-4B34-A872-D18772AF9065}.Release|Win32.ActiveCfg = Release|Win32
		{F8068A41-E2A0-4B34-A872-D18772AF9065}.Release|Win32.Build.0 = Release|Win32
	EndGlobalSection
	GlobalSection(SolutionProperties) = preSolution
		HideSolutionNode = FALSE
	EndGlobalSection
EndGlobal
