
Microsoft Visual Studio Solution File, Format Version 11.00
# Visual C++ Express 2010
Project("{8BC9CEB8-8B4A-11D0-8D11-00A0C91BC942}") = "PC2Arduino_SC", "PC2Arduino_SC\PC2Arduino_SC.vcxproj", "{FFC15128-9F41-4E54-B00C-9AEDB66EEF1B}"
EndProject
Global
	GlobalSection(SolutionConfigurationPlatforms) = preSolution
		Debug|Win32 = Debug|Win32
		Release|Win32 = Release|Win32
	EndGlobalSection
	GlobalSection(ProjectConfigurationPlatforms) = postSolution
		{FFC15128-9F41-4E54-B00C-9AEDB66EEF1B}.Debug|Win32.ActiveCfg = Debug|Win32
		{FFC15128-9F41-4E54-B00C-9AEDB66EEF1B}.Debug|Win32.Build.0 = Debug|Win32
		{FFC15128-9F41-4E54-B00C-9AEDB66EEF1B}.Release|Win32.ActiveCfg = Release|Win32
		{FFC15128-9F41-4E54-B00C-9AEDB66EEF1B}.Release|Win32.Build.0 = Release|Win32
	EndGlobalSection
	GlobalSection(SolutionProperties) = preSolution
		HideSolutionNode = FALSE
	EndGlobalSection
EndGlobal
