
Microsoft Visual Studio Solution File, Format Version 11.00
# Visual C++ Express 2010
Project("{8BC9CEB8-8B4A-11D0-8D11-00A0C91BC942}") = "iMecheUAS_P1", "iMecheUAS_P1\iMecheUAS_P1.vcxproj", "{1CADD4D3-B2C9-42B9-952B-1522CFB33DD3}"
EndProject
Global
	GlobalSection(SolutionConfigurationPlatforms) = preSolution
		Debug|Win32 = Debug|Win32
		Release|Win32 = Release|Win32
	EndGlobalSection
	GlobalSection(ProjectConfigurationPlatforms) = postSolution
		{1CADD4D3-B2C9-42B9-952B-1522CFB33DD3}.Debug|Win32.ActiveCfg = Debug|Win32
		{1CADD4D3-B2C9-42B9-952B-1522CFB33DD3}.Debug|Win32.Build.0 = Debug|Win32
		{1CADD4D3-B2C9-42B9-952B-1522CFB33DD3}.Release|Win32.ActiveCfg = Release|Win32
		{1CADD4D3-B2C9-42B9-952B-1522CFB33DD3}.Release|Win32.Build.0 = Release|Win32
	EndGlobalSection
	GlobalSection(SolutionProperties) = preSolution
		HideSolutionNode = FALSE
	EndGlobalSection
EndGlobal
